
Microsoft Visual Studio Solution File, Format Version 12.00
# Visual Studio Version 16
VisualStudioVersion = 16.0.30907.101
MinimumVisualStudioVersion = 10.0.40219.1
Project("{FAE04EC0-301F-11D3-BF4B-00C04F79EFBC}") = "MISA.CukCuk.Api", "MISA.CukCuk.Api\MISA.CukCuk.Api.csproj", "{F7944BCA-E3C5-480D-8B69-1472C1789364}"
EndProject
Project("{FAE04EC0-301F-11D3-BF4B-00C04F79EFBC}") = "MISA.ApplicationCore", "MISA.ApplicationCore\MISA.ApplicationCore.csproj", "{C4392466-80C9-437D-B8AA-2493047A8047}"
EndProject
Project("{FAE04EC0-301F-11D3-BF4B-00C04F79EFBC}") = "MISA.InteractDB", "MISA.InteractDB\MISA.InteractDB.csproj", "{4DD3380F-F3E0-4EBE-A667-9E0150A3EA0F}"
EndProject
Global
	GlobalSection(SolutionConfigurationPlatforms) = preSolution
		Debug|Any CPU = Debug|Any CPU
		Release|Any CPU = Release|Any CPU
	EndGlobalSection
	GlobalSection(ProjectConfigurationPlatforms) = postSolution
		{F7944BCA-E3C5-480D-8B69-1472C1789364}.Debug|Any CPU.ActiveCfg = Debug|Any CPU
		{F7944BCA-E3C5-480D-8B69-1472C1789364}.Debug|Any CPU.Build.0 = Debug|Any CPU
		{F7944BCA-E3C5-480D-8B69-1472C1789364}.Release|Any CPU.ActiveCfg = Release|Any CPU
		{F7944BCA-E3C5-480D-8B69-1472C1789364}.Release|Any CPU.Build.0 = Release|Any CPU
		{C4392466-80C9-437D-B8AA-2493047A8047}.Debug|Any CPU.ActiveCfg = Debug|Any CPU
		{C4392466-80C9-437D-B8AA-2493047A8047}.Debug|Any CPU.Build.0 = Debug|Any CPU
		{C4392466-80C9-437D-B8AA-2493047A8047}.Release|Any CPU.ActiveCfg = Release|Any CPU
		{C4392466-80C9-437D-B8AA-2493047A8047}.Release|Any CPU.Build.0 = Release|Any CPU
		{4DD3380F-F3E0-4EBE-A667-9E0150A3EA0F}.Debug|Any CPU.ActiveCfg = Debug|Any CPU
		{4DD3380F-F3E0-4EBE-A667-9E0150A3EA0F}.Debug|Any CPU.Build.0 = Debug|Any CPU
		{4DD3380F-F3E0-4EBE-A667-9E0150A3EA0F}.Release|Any CPU.ActiveCfg = Release|Any CPU
		{4DD3380F-F3E0-4EBE-A667-9E0150A3EA0F}.Release|Any CPU.Build.0 = Release|Any CPU
	EndGlobalSection
	GlobalSection(SolutionProperties) = preSolution
		HideSolutionNode = FALSE
	EndGlobalSection
	GlobalSection(ExtensibilityGlobals) = postSolution
		SolutionGuid = {333569F3-1FC4-4D82-87DD-1CD27FF8A6BE}
	EndGlobalSection
EndGlobal
